
Microsoft Visual Studio Solution File, Format Version 12.00
# Visual Studio Version 17
VisualStudioVersion = 17.0.31903.59
MinimumVisualStudioVersion = 10.0.40219.1
Project("{9A19103F-16F7-4668-BE54-9A1E7A4F7556}") = "Store.Domain", "Store.Domain\Store.Domain.csproj", "{63D39A69-16A4-44F3-9570-21A58CFBD804}"
EndProject
Project("{9A19103F-16F7-4668-BE54-9A1E7A4F7556}") = "Store.Api", "Store.Api\Store.Api.csproj", "{6843E8B8-87A0-4B35-825B-F900BF7BC6CB}"
EndProject
Project("{9A19103F-16F7-4668-BE54-9A1E7A4F7556}") = "Store.Infra", "Store.Infra\Store.Infra.csproj", "{302C3249-E844-4ACA-80B3-9ACC88AA1995}"
EndProject
Project("{9A19103F-16F7-4668-BE54-9A1E7A4F7556}") = "Store.Tests", "Store.Tests\Store.Tests.csproj", "{C2438B22-1934-47E3-9025-4E18C0B2995A}"
EndProject
Global
	GlobalSection(SolutionConfigurationPlatforms) = preSolution
		Debug|Any CPU = Debug|Any CPU
		Release|Any CPU = Release|Any CPU
	EndGlobalSection
	GlobalSection(ProjectConfigurationPlatforms) = postSolution
		{63D39A69-16A4-44F3-9570-21A58CFBD804}.Debug|Any CPU.ActiveCfg = Debug|Any CPU
		{63D39A69-16A4-44F3-9570-21A58CFBD804}.Debug|Any CPU.Build.0 = Debug|Any CPU
		{63D39A69-16A4-44F3-9570-21A58CFBD804}.Release|Any CPU.ActiveCfg = Release|Any CPU
		{63D39A69-16A4-44F3-9570-21A58CFBD804}.Release|Any CPU.Build.0 = Release|Any CPU
		{6843E8B8-87A0-4B35-825B-F900BF7BC6CB}.Debug|Any CPU.ActiveCfg = Debug|Any CPU
		{6843E8B8-87A0-4B35-825B-F900BF7BC6CB}.Debug|Any CPU.Build.0 = Debug|Any CPU
		{6843E8B8-87A0-4B35-825B-F900BF7BC6CB}.Release|Any CPU.ActiveCfg = Release|Any CPU
		{6843E8B8-87A0-4B35-825B-F900BF7BC6CB}.Release|Any CPU.Build.0 = Release|Any CPU
		{302C3249-E844-4ACA-80B3-9ACC88AA1995}.Debug|Any CPU.ActiveCfg = Debug|Any CPU
		{302C3249-E844-4ACA-80B3-9ACC88AA1995}.Debug|Any CPU.Build.0 = Debug|Any CPU
		{302C3249-E844-4ACA-80B3-9ACC88AA1995}.Release|Any CPU.ActiveCfg = Release|Any CPU
		{302C3249-E844-4ACA-80B3-9ACC88AA1995}.Release|Any CPU.Build.0 = Release|Any CPU
		{C2438B22-1934-47E3-9025-4E18C0B2995A}.Debug|Any CPU.ActiveCfg = Debug|Any CPU
		{C2438B22-1934-47E3-9025-4E18C0B2995A}.Debug|Any CPU.Build.0 = Debug|Any CPU
		{C2438B22-1934-47E3-9025-4E18C0B2995A}.Release|Any CPU.ActiveCfg = Release|Any CPU
		{C2438B22-1934-47E3-9025-4E18C0B2995A}.Release|Any CPU.Build.0 = Release|Any CPU
	EndGlobalSection
	GlobalSection(SolutionProperties) = preSolution
		HideSolutionNode = FALSE
	EndGlobalSection
	GlobalSection(ExtensibilityGlobals) = postSolution
		SolutionGuid = {677FD568-CF45-46E5-B2D9-FA39369FCC89}
	EndGlobalSection
EndGlobal
